
Microsoft Visual Studio Solution File, Format Version 12.00
# Visual Studio 14
VisualStudioVersion = 14.0.24720.0
MinimumVisualStudioVersion = 10.0.40219.1
Project("{FAE04EC0-301F-11D3-BF4B-00C04F79EFBC}") = "ZapaziMi.WebAPI", "ZapaziMi.WebAPI\ZapaziMi.WebAPI.csproj", "{45628AAE-1BA4-4309-BA48-8F5F4F2BAC7A}"
EndProject
Project("{FAE04EC0-301F-11D3-BF4B-00C04F79EFBC}") = "ZapaziMi.DAL", "ZapaziMi.DAL\ZapaziMi.DAL.csproj", "{A62C6EED-A354-4A77-947D-7A230D586604}"
EndProject
Project("{FAE04EC0-301F-11D3-BF4B-00C04F79EFBC}") = "ZapaziMi.WebAPI.Services", "ZapaziMi.WebAPI.Services\ZapaziMi.WebAPI.Services.csproj", "{F63AD94A-54E2-46EE-9C76-91191DEF48D2}"
EndProject
Project("{FAE04EC0-301F-11D3-BF4B-00C04F79EFBC}") = "ZapaziMi.AdminSPA", "ZapaziMi.AdminSPA\ZapaziMi.AdminSPA.csproj", "{8820A28F-8C49-4C3B-86ED-A26F9C649231}"
EndProject
Project("{262852C6-CD72-467D-83FE-5EEB1973A190}") = "ZapaziMi.MobileApp", "ZapaziMi.MobileApp\ZapaziMi.MobileApp.jsproj", "{DE6FE7EF-CF60-46B2-8C22-24C52C175B23}"
EndProject
Global
	GlobalSection(SolutionConfigurationPlatforms) = preSolution
		Debug|Android = Debug|Android
		Debug|Any CPU = Debug|Any CPU
		Debug|iOS = Debug|iOS
		Debug|Windows Phone (Universal) = Debug|Windows Phone (Universal)
		Debug|Windows Phone 8 = Debug|Windows Phone 8
		Debug|Windows-AnyCPU = Debug|Windows-AnyCPU
		Debug|Windows-ARM = Debug|Windows-ARM
		Debug|Windows-x64 = Debug|Windows-x64
		Debug|Windows-x86 = Debug|Windows-x86
		Release|Android = Release|Android
		Release|Any CPU = Release|Any CPU
		Release|iOS = Release|iOS
		Release|Windows Phone (Universal) = Release|Windows Phone (Universal)
		Release|Windows Phone 8 = Release|Windows Phone 8
		Release|Windows-AnyCPU = Release|Windows-AnyCPU
		Release|Windows-ARM = Release|Windows-ARM
		Release|Windows-x64 = Release|Windows-x64
		Release|Windows-x86 = Release|Windows-x86
	EndGlobalSection
	GlobalSection(ProjectConfigurationPlatforms) = postSolution
		{45628AAE-1BA4-4309-BA48-8F5F4F2BAC7A}.Debug|Android.ActiveCfg = Debug|Any CPU
		{45628AAE-1BA4-4309-BA48-8F5F4F2BAC7A}.Debug|Android.Build.0 = Debug|Any CPU
		{45628AAE-1BA4-4309-BA48-8F5F4F2BAC7A}.Debug|Any CPU.ActiveCfg = Debug|Any CPU
		{45628AAE-1BA4-4309-BA48-8F5F4F2BAC7A}.Debug|Any CPU.Build.0 = Debug|Any CPU
		{45628AAE-1BA4-4309-BA48-8F5F4F2BAC7A}.Debug|iOS.ActiveCfg = Debug|Any CPU
		{45628AAE-1BA4-4309-BA48-8F5F4F2BAC7A}.Debug|iOS.Build.0 = Debug|Any CPU
		{45628AAE-1BA4-4309-BA48-8F5F4F2BAC7A}.Debug|Windows Phone (Universal).ActiveCfg = Debug|Any CPU
		{45628AAE-1BA4-4309-BA48-8F5F4F2BAC7A}.Debug|Windows Phone (Universal).Build.0 = Debug|Any CPU
		{45628AAE-1BA4-4309-BA48-8F5F4F2BAC7A}.Debug|Windows Phone 8.ActiveCfg = Debug|Any CPU
		{45628AAE-1BA4-4309-BA48-8F5F4F2BAC7A}.Debug|Windows Phone 8.Build.0 = Debug|Any CPU
		{45628AAE-1BA4-4309-BA48-8F5F4F2BAC7A}.Debug|Windows-AnyCPU.ActiveCfg = Debug|Any CPU
		{45628AAE-1BA4-4309-BA48-8F5F4F2BAC7A}.Debug|Windows-AnyCPU.Build.0 = Debug|Any CPU
		{45628AAE-1BA4-4309-BA48-8F5F4F2BAC7A}.Debug|Windows-ARM.ActiveCfg = Debug|Any CPU
		{45628AAE-1BA4-4309-BA48-8F5F4F2BAC7A}.Debug|Windows-ARM.Build.0 = Debug|Any CPU
		{45628AAE-1BA4-4309-BA48-8F5F4F2BAC7A}.Debug|Windows-x64.ActiveCfg = Debug|Any CPU
		{45628AAE-1BA4-4309-BA48-8F5F4F2BAC7A}.Debug|Windows-x64.Build.0 = Debug|Any CPU
		{45628AAE-1BA4-4309-BA48-8F5F4F2BAC7A}.Debug|Windows-x86.ActiveCfg = Debug|Any CPU
		{45628AAE-1BA4-4309-BA48-8F5F4F2BAC7A}.Debug|Windows-x86.Build.0 = Debug|Any CPU
		{45628AAE-1BA4-4309-BA48-8F5F4F2BAC7A}.Release|Android.ActiveCfg = Release|Any CPU
		{45628AAE-1BA4-4309-BA48-8F5F4F2BAC7A}.Release|Android.Build.0 = Release|Any CPU
		{45628AAE-1BA4-4309-BA48-8F5F4F2BAC7A}.Release|Any CPU.ActiveCfg = Release|Any CPU
		{45628AAE-1BA4-4309-BA48-8F5F4F2BAC7A}.Release|Any CPU.Build.0 = Release|Any CPU
		{45628AAE-1BA4-4309-BA48-8F5F4F2BAC7A}.Release|iOS.ActiveCfg = Release|Any CPU
		{45628AAE-1BA4-4309-BA48-8F5F4F2BAC7A}.Release|iOS.Build.0 = Release|Any CPU
		{45628AAE-1BA4-4309-BA48-8F5F4F2BAC7A}.Release|Windows Phone (Universal).ActiveCfg = Release|Any CPU
		{45628AAE-1BA4-4309-BA48-8F5F4F2BAC7A}.Release|Windows Phone (Universal).Build.0 = Release|Any CPU
		{45628AAE-1BA4-4309-BA48-8F5F4F2BAC7A}.Release|Windows Phone 8.ActiveCfg = Release|Any CPU
		{45628AAE-1BA4-4309-BA48-8F5F4F2BAC7A}.Release|Windows Phone 8.Build.0 = Release|Any CPU
		{45628AAE-1BA4-4309-BA48-8F5F4F2BAC7A}.Release|Windows-AnyCPU.ActiveCfg = Release|Any CPU
		{45628AAE-1BA4-4309-BA48-8F5F4F2BAC7A}.Release|Windows-AnyCPU.Build.0 = Release|Any CPU
		{45628AAE-1BA4-4309-BA48-8F5F4F2BAC7A}.Release|Windows-ARM.ActiveCfg = Release|Any CPU
		{45628AAE-1BA4-4309-BA48-8F5F4F2BAC7A}.Release|Windows-ARM.Build.0 = Release|Any CPU
		{45628AAE-1BA4-4309-BA48-8F5F4F2BAC7A}.Release|Windows-x64.ActiveCfg = Release|Any CPU
		{45628AAE-1BA4-4309-BA48-8F5F4F2BAC7A}.Release|Windows-x64.Build.0 = Release|Any CPU
		{45628AAE-1BA4-4309-BA48-8F5F4F2BAC7A}.Release|Windows-x86.ActiveCfg = Release|Any CPU
		{45628AAE-1BA4-4309-BA48-8F5F4F2BAC7A}.Release|Windows-x86.Build.0 = Release|Any CPU
		{A62C6EED-A354-4A77-947D-7A230D586604}.Debug|Android.ActiveCfg = Debug|Any CPU
		{A62C6EED-A354-4A77-947D-7A230D586604}.Debug|Android.Build.0 = Debug|Any CPU
		{A62C6EED-A354-4A77-947D-7A230D586604}.Debug|Any CPU.ActiveCfg = Debug|Any CPU
		{A62C6EED-A354-4A77-947D-7A230D586604}.Debug|Any CPU.Build.0 = Debug|Any CPU
		{A62C6EED-A354-4A77-947D-7A230D586604}.Debug|iOS.ActiveCfg = Debug|Any CPU
		{A62C6EED-A354-4A77-947D-7A230D586604}.Debug|iOS.Build.0 = Debug|Any CPU
		{A62C6EED-A354-4A77-947D-7A230D586604}.Debug|Windows Phone (Universal).ActiveCfg = Debug|Any CPU
		{A62C6EED-A354-4A77-947D-7A230D586604}.Debug|Windows Phone (Universal).Build.0 = Debug|Any CPU
		{A62C6EED-A354-4A77-947D-7A230D586604}.Debug|Windows Phone 8.ActiveCfg = Debug|Any CPU
		{A62C6EED-A354-4A77-947D-7A230D586604}.Debug|Windows Phone 8.Build.0 = Debug|Any CPU
		{A62C6EED-A354-4A77-947D-7A230D586604}.Debug|Windows-AnyCPU.ActiveCfg = Debug|Any CPU
		{A62C6EED-A354-4A77-947D-7A230D586604}.Debug|Windows-AnyCPU.Build.0 = Debug|Any CPU
		{A62C6EED-A354-4A77-947D-7A230D586604}.Debug|Windows-ARM.ActiveCfg = Debug|Any CPU
		{A62C6EED-A354-4A77-947D-7A230D586604}.Debug|Windows-ARM.Build.0 = Debug|Any CPU
		{A62C6EED-A354-4A77-947D-7A230D586604}.Debug|Windows-x64.ActiveCfg = Debug|Any CPU
		{A62C6EED-A354-4A77-947D-7A230D586604}.Debug|Windows-x64.Build.0 = Debug|Any CPU
		{A62C6EED-A354-4A77-947D-7A230D586604}.Debug|Windows-x86.ActiveCfg = Debug|Any CPU
		{A62C6EED-A354-4A77-947D-7A230D586604}.Debug|Windows-x86.Build.0 = Debug|Any CPU
		{A62C6EED-A354-4A77-947D-7A230D586604}.Release|Android.ActiveCfg = Release|Any CPU
		{A62C6EED-A354-4A77-947D-7A230D586604}.Release|Android.Build.0 = Release|Any CPU
		{A62C6EED-A354-4A77-947D-7A230D586604}.Release|Any CPU.ActiveCfg = Release|Any CPU
		{A62C6EED-A354-4A77-947D-7A230D586604}.Release|Any CPU.Build.0 = Release|Any CPU
		{A62C6EED-A354-4A77-947D-7A230D586604}.Release|iOS.ActiveCfg = Release|Any CPU
		{A62C6EED-A354-4A77-947D-7A230D586604}.Release|iOS.Build.0 = Release|Any CPU
		{A62C6EED-A354-4A77-947D-7A230D586604}.Release|Windows Phone (Universal).ActiveCfg = Release|Any CPU
		{A62C6EED-A354-4A77-947D-7A230D586604}.Release|Windows Phone (Universal).Build.0 = Release|Any CPU
		{A62C6EED-A354-4A77-947D-7A230D586604}.Release|Windows Phone 8.ActiveCfg = Release|Any CPU
		{A62C6EED-A354-4A77-947D-7A230D586604}.Release|Windows Phone 8.Build.0 = Release|Any CPU
		{A62C6EED-A354-4A77-947D-7A230D586604}.Release|Windows-AnyCPU.ActiveCfg = Release|Any CPU
		{A62C6EED-A354-4A77-947D-7A230D586604}.Release|Windows-AnyCPU.Build.0 = Release|Any CPU
		{A62C6EED-A354-4A77-947D-7A230D586604}.Release|Windows-ARM.ActiveCfg = Release|Any CPU
		{A62C6EED-A354-4A77-947D-7A230D586604}.Release|Windows-ARM.Build.0 = Release|Any CPU
		{A62C6EED-A354-4A77-947D-7A230D586604}.Release|Windows-x64.ActiveCfg = Release|Any CPU
		{A62C6EED-A354-4A77-947D-7A230D586604}.Release|Windows-x64.Build.0 = Release|Any CPU
		{A62C6EED-A354-4A77-947D-7A230D586604}.Release|Windows-x86.ActiveCfg = Release|Any CPU
		{A62C6EED-A354-4A77-947D-7A230D586604}.Release|Windows-x86.Build.0 = Release|Any CPU
		{F63AD94A-54E2-46EE-9C76-91191DEF48D2}.Debug|Android.ActiveCfg = Debug|Any CPU
		{F63AD94A-54E2-46EE-9C76-91191DEF48D2}.Debug|Android.Build.0 = Debug|Any CPU
		{F63AD94A-54E2-46EE-9C76-91191DEF48D2}.Debug|Any CPU.ActiveCfg = Debug|Any CPU
		{F63AD94A-54E2-46EE-9C76-91191DEF48D2}.Debug|Any CPU.Build.0 = Debug|Any CPU
		{F63AD94A-54E2-46EE-9C76-91191DEF48D2}.Debug|iOS.ActiveCfg = Debug|Any CPU
		{F63AD94A-54E2-46EE-9C76-91191DEF48D2}.Debug|iOS.Build.0 = Debug|Any CPU
		{F63AD94A-54E2-46EE-9C76-91191DEF48D2}.Debug|Windows Phone (Universal).ActiveCfg = Debug|Any CPU
		{F63AD94A-54E2-46EE-9C76-91191DEF48D2}.Debug|Windows Phone (Universal).Build.0 = Debug|Any CPU
		{F63AD94A-54E2-46EE-9C76-91191DEF48D2}.Debug|Windows Phone 8.ActiveCfg = Debug|Any CPU
		{F63AD94A-54E2-46EE-9C76-91191DEF48D2}.Debug|Windows Phone 8.Build.0 = Debug|Any CPU
		{F63AD94A-54E2-46EE-9C76-91191DEF48D2}.Debug|Windows-AnyCPU.ActiveCfg = Debug|Any CPU
		{F63AD94A-54E2-46EE-9C76-91191DEF48D2}.Debug|Windows-AnyCPU.Build.0 = Debug|Any CPU
		{F63AD94A-54E2-46EE-9C76-91191DEF48D2}.Debug|Windows-ARM.ActiveCfg = Debug|Any CPU
		{F63AD94A-54E2-46EE-9C76-91191DEF48D2}.Debug|Windows-ARM.Build.0 = Debug|Any CPU
		{F63AD94A-54E2-46EE-9C76-91191DEF48D2}.Debug|Windows-x64.ActiveCfg = Debug|Any CPU
		{F63AD94A-54E2-46EE-9C76-91191DEF48D2}.Debug|Windows-x64.Build.0 = Debug|Any CPU
		{F63AD94A-54E2-46EE-9C76-91191DEF48D2}.Debug|Windows-x86.ActiveCfg = Debug|Any CPU
		{F63AD94A-54E2-46EE-9C76-91191DEF48D2}.Debug|Windows-x86.Build.0 = Debug|Any CPU
		{F63AD94A-54E2-46EE-9C76-91191DEF48D2}.Release|Android.ActiveCfg = Release|Any CPU
		{F63AD94A-54E2-46EE-9C76-91191DEF48D2}.Release|Android.Build.0 = Release|Any CPU
		{F63AD94A-54E2-46EE-9C76-91191DEF48D2}.Release|Any CPU.ActiveCfg = Release|Any CPU
		{F63AD94A-54E2-46EE-9C76-91191DEF48D2}.Release|Any CPU.Build.0 = Release|Any CPU
		{F63AD94A-54E2-46EE-9C76-91191DEF48D2}.Release|iOS.ActiveCfg = Release|Any CPU
		{F63AD94A-54E2-46EE-9C76-91191DEF48D2}.Release|iOS.Build.0 = Release|Any CPU
		{F63AD94A-54E2-46EE-9C76-91191DEF48D2}.Release|Windows Phone (Universal).ActiveCfg = Release|Any CPU
		{F63AD94A-54E2-46EE-9C76-91191DEF48D2}.Release|Windows Phone (Universal).Build.0 = Release|Any CPU
		{F63AD94A-54E2-46EE-9C76-91191DEF48D2}.Release|Windows Phone 8.ActiveCfg = Release|Any CPU
		{F63AD94A-54E2-46EE-9C76-91191DEF48D2}.Release|Windows Phone 8.Build.0 = Release|Any CPU
		{F63AD94A-54E2-46EE-9C76-91191DEF48D2}.Release|Windows-AnyCPU.ActiveCfg = Release|Any CPU
		{F63AD94A-54E2-46EE-9C76-91191DEF48D2}.Release|Windows-AnyCPU.Build.0 = Release|Any CPU
		{F63AD94A-54E2-46EE-9C76-91191DEF48D2}.Release|Windows-ARM.ActiveCfg = Release|Any CPU
		{F63AD94A-54E2-46EE-9C76-91191DEF48D2}.Release|Windows-ARM.Build.0 = Release|Any CPU
		{F63AD94A-54E2-46EE-9C76-91191DEF48D2}.Release|Windows-x64.ActiveCfg = Release|Any CPU
		{F63AD94A-54E2-46EE-9C76-91191DEF48D2}.Release|Windows-x64.Build.0 = Release|Any CPU
		{F63AD94A-54E2-46EE-9C76-91191DEF48D2}.Release|Windows-x86.ActiveCfg = Release|Any CPU
		{F63AD94A-54E2-46EE-9C76-91191DEF48D2}.Release|Windows-x86.Build.0 = Release|Any CPU
		{8820A28F-8C49-4C3B-86ED-A26F9C649231}.Debug|Android.ActiveCfg = Debug|Any CPU
		{8820A28F-8C49-4C3B-86ED-A26F9C649231}.Debug|Android.Build.0 = Debug|Any CPU
		{8820A28F-8C49-4C3B-86ED-A26F9C649231}.Debug|Any CPU.ActiveCfg = Debug|Any CPU
		{8820A28F-8C49-4C3B-86ED-A26F9C649231}.Debug|Any CPU.Build.0 = Debug|Any CPU
		{8820A28F-8C49-4C3B-86ED-A26F9C649231}.Debug|iOS.ActiveCfg = Debug|Any CPU
		{8820A28F-8C49-4C3B-86ED-A26F9C649231}.Debug|iOS.Build.0 = Debug|Any CPU
		{8820A28F-8C49-4C3B-86ED-A26F9C649231}.Debug|Windows Phone (Universal).ActiveCfg = Debug|Any CPU
		{8820A28F-8C49-4C3B-86ED-A26F9C649231}.Debug|Windows Phone (Universal).Build.0 = Debug|Any CPU
		{8820A28F-8C49-4C3B-86ED-A26F9C649231}.Debug|Windows Phone 8.ActiveCfg = Debug|Any CPU
		{8820A28F-8C49-4C3B-86ED-A26F9C649231}.Debug|Windows Phone 8.Build.0 = Debug|Any CPU
		{8820A28F-8C49-4C3B-86ED-A26F9C649231}.Debug|Windows-AnyCPU.ActiveCfg = Debug|Any CPU
		{8820A28F-8C49-4C3B-86ED-A26F9C649231}.Debug|Windows-AnyCPU.Build.0 = Debug|Any CPU
		{8820A28F-8C49-4C3B-86ED-A26F9C649231}.Debug|Windows-ARM.ActiveCfg = Debug|Any CPU
		{8820A28F-8C49-4C3B-86ED-A26F9C649231}.Debug|Windows-ARM.Build.0 = Debug|Any CPU
		{8820A28F-8C49-4C3B-86ED-A26F9C649231}.Debug|Windows-x64.ActiveCfg = Debug|Any CPU
		{8820A28F-8C49-4C3B-86ED-A26F9C649231}.Debug|Windows-x64.Build.0 = Debug|Any CPU
		{8820A28F-8C49-4C3B-86ED-A26F9C649231}.Debug|Windows-x86.ActiveCfg = Debug|Any CPU
		{8820A28F-8C49-4C3B-86ED-A26F9C649231}.Debug|Windows-x86.Build.0 = Debug|Any CPU
		{8820A28F-8C49-4C3B-86ED-A26F9C649231}.Release|Android.ActiveCfg = Release|Any CPU
		{8820A28F-8C49-4C3B-86ED-A26F9C649231}.Release|Android.Build.0 = Release|Any CPU
		{8820A28F-8C49-4C3B-86ED-A26F9C649231}.Release|Any CPU.ActiveCfg = Release|Any CPU
		{8820A28F-8C49-4C3B-86ED-A26F9C649231}.Release|Any CPU.Build.0 = Release|Any CPU
		{8820A28F-8C49-4C3B-86ED-A26F9C649231}.Release|iOS.ActiveCfg = Release|Any CPU
		{8820A28F-8C49-4C3B-86ED-A26F9C649231}.Release|iOS.Build.0 = Release|Any CPU
		{8820A28F-8C49-4C3B-86ED-A26F9C649231}.Release|Windows Phone (Universal).ActiveCfg = Release|Any CPU
		{8820A28F-8C49-4C3B-86ED-A26F9C649231}.Release|Windows Phone (Universal).Build.0 = Release|Any CPU
		{8820A28F-8C49-4C3B-86ED-A26F9C649231}.Release|Windows Phone 8.ActiveCfg = Release|Any CPU
		{8820A28F-8C49-4C3B-86ED-A26F9C649231}.Release|Windows Phone 8.Build.0 = Release|Any CPU
		{8820A28F-8C49-4C3B-86ED-A26F9C649231}.Release|Windows-AnyCPU.ActiveCfg = Release|Any CPU
		{8820A28F-8C49-4C3B-86ED-A26F9C649231}.Release|Windows-AnyCPU.Build.0 = Release|Any CPU
		{8820A28F-8C49-4C3B-86ED-A26F9C649231}.Release|Windows-ARM.ActiveCfg = Release|Any CPU
		{8820A28F-8C49-4C3B-86ED-A26F9C649231}.Release|Windows-ARM.Build.0 = Release|Any CPU
		{8820A28F-8C49-4C3B-86ED-A26F9C649231}.Release|Windows-x64.ActiveCfg = Release|Any CPU
		{8820A28F-8C49-4C3B-86ED-A26F9C649231}.Release|Windows-x64.Build.0 = Release|Any CPU
		{8820A28F-8C49-4C3B-86ED-A26F9C649231}.Release|Windows-x86.ActiveCfg = Release|Any CPU
		{8820A28F-8C49-4C3B-86ED-A26F9C649231}.Release|Windows-x86.Build.0 = Release|Any CPU
		{DE6FE7EF-CF60-46B2-8C22-24C52C175B23}.Debug|Android.ActiveCfg = Debug|Android
		{DE6FE7EF-CF60-46B2-8C22-24C52C175B23}.Debug|Android.Build.0 = Debug|Android
		{DE6FE7EF-CF60-46B2-8C22-24C52C175B23}.Debug|Android.Deploy.0 = Debug|Android
		{DE6FE7EF-CF60-46B2-8C22-24C52C175B23}.Debug|Any CPU.ActiveCfg = Debug|Android
		{DE6FE7EF-CF60-46B2-8C22-24C52C175B23}.Debug|iOS.ActiveCfg = Debug|iOS
		{DE6FE7EF-CF60-46B2-8C22-24C52C175B23}.Debug|iOS.Build.0 = Debug|iOS
		{DE6FE7EF-CF60-46B2-8C22-24C52C175B23}.Debug|iOS.Deploy.0 = Debug|iOS
		{DE6FE7EF-CF60-46B2-8C22-24C52C175B23}.Debug|Windows Phone (Universal).ActiveCfg = Debug|Windows Phone (Universal)
		{DE6FE7EF-CF60-46B2-8C22-24C52C175B23}.Debug|Windows Phone (Universal).Build.0 = Debug|Windows Phone (Universal)
		{DE6FE7EF-CF60-46B2-8C22-24C52C175B23}.Debug|Windows Phone (Universal).Deploy.0 = Debug|Windows Phone (Universal)
		{DE6FE7EF-CF60-46B2-8C22-24C52C175B23}.Debug|Windows Phone 8.ActiveCfg = Debug|Windows Phone 8
		{DE6FE7EF-CF60-46B2-8C22-24C52C175B23}.Debug|Windows Phone 8.Build.0 = Debug|Windows Phone 8
		{DE6FE7EF-CF60-46B2-8C22-24C52C175B23}.Debug|Windows Phone 8.Deploy.0 = Debug|Windows Phone 8
		{DE6FE7EF-CF60-46B2-8C22-24C52C175B23}.Debug|Windows-AnyCPU.ActiveCfg = Debug|Windows-AnyCPU
		{DE6FE7EF-CF60-46B2-8C22-24C52C175B23}.Debug|Windows-AnyCPU.Build.0 = Debug|Windows-AnyCPU
		{DE6FE7EF-CF60-46B2-8C22-24C52C175B23}.Debug|Windows-AnyCPU.Deploy.0 = Debug|Windows-AnyCPU
		{DE6FE7EF-CF60-46B2-8C22-24C52C175B23}.Debug|Windows-ARM.ActiveCfg = Debug|Windows-ARM
		{DE6FE7EF-CF60-46B2-8C22-24C52C175B23}.Debug|Windows-ARM.Build.0 = Debug|Windows-ARM
		{DE6FE7EF-CF60-46B2-8C22-24C52C175B23}.Debug|Windows-ARM.Deploy.0 = Debug|Windows-ARM
		{DE6FE7EF-CF60-46B2-8C22-24C52C175B23}.Debug|Windows-x64.ActiveCfg = Debug|Windows-x64
		{DE6FE7EF-CF60-46B2-8C22-24C52C175B23}.Debug|Windows-x64.Build.0 = Debug|Windows-x64
		{DE6FE7EF-CF60-46B2-8C22-24C52C175B23}.Debug|Windows-x64.Deploy.0 = Debug|Windows-x64
		{DE6FE7EF-CF60-46B2-8C22-24C52C175B23}.Debug|Windows-x86.ActiveCfg = Debug|Windows-x86
		{DE6FE7EF-CF60-46B2-8C22-24C52C175B23}.Debug|Windows-x86.Build.0 = Debug|Windows-x86
		{DE6FE7EF-CF60-46B2-8C22-24C52C175B23}.Debug|Windows-x86.Deploy.0 = Debug|Windows-x86
		{DE6FE7EF-CF60-46B2-8C22-24C52C175B23}.Release|Android.ActiveCfg = Release|Android
		{DE6FE7EF-CF60-46B2-8C22-24C52C175B23}.Release|Android.Build.0 = Release|Android
		{DE6FE7EF-CF60-46B2-8C22-24C52C175B23}.Release|Android.Deploy.0 = Release|Android
		{DE6FE7EF-CF60-46B2-8C22-24C52C175B23}.Release|Any CPU.ActiveCfg = Release|Android
		{DE6FE7EF-CF60-46B2-8C22-24C52C175B23}.Release|iOS.ActiveCfg = Release|iOS
		{DE6FE7EF-CF60-46B2-8C22-24C52C175B23}.Release|iOS.Build.0 = Release|iOS
		{DE6FE7EF-CF60-46B2-8C22-24C52C175B23}.Release|iOS.Deploy.0 = Release|iOS
		{DE6FE7EF-CF60-46B2-8C22-24C52C175B23}.Release|Windows Phone (Universal).ActiveCfg = Release|Windows Phone (Universal)
		{DE6FE7EF-CF60-46B2-8C22-24C52C175B23}.Release|Windows Phone (Universal).Build.0 = Release|Windows Phone (Universal)
		{DE6FE7EF-CF60-46B2-8C22-24C52C175B23}.Release|Windows Phone (Universal).Deploy.0 = Release|Windows Phone (Universal)
		{DE6FE7EF-CF60-46B2-8C22-24C52C175B23}.Release|Windows Phone 8.ActiveCfg = Release|Windows Phone 8
		{DE6FE7EF-CF60-46B2-8C22-24C52C175B23}.Release|Windows Phone 8.Build.0 = Release|Windows Phone 8
		{DE6FE7EF-CF60-46B2-8C22-24C52C175B23}.Release|Windows Phone 8.Deploy.0 = Release|Windows Phone 8
		{DE6FE7EF-CF60-46B2-8C22-24C52C175B23}.Release|Windows-AnyCPU.ActiveCfg = Release|Windows-AnyCPU
		{DE6FE7EF-CF60-46B2-8C22-24C52C175B23}.Release|Windows-AnyCPU.Build.0 = Release|Windows-AnyCPU
		{DE6FE7EF-CF60-46B2-8C22-24C52C175B23}.Release|Windows-AnyCPU.Deploy.0 = Release|Windows-AnyCPU
		{DE6FE7EF-CF60-46B2-8C22-24C52C175B23}.Release|Windows-ARM.ActiveCfg = Release|Windows-ARM
		{DE6FE7EF-CF60-46B2-8C22-24C52C175B23}.Release|Windows-ARM.Build.0 = Release|Windows-ARM
		{DE6FE7EF-CF60-46B2-8C22-24C52C175B23}.Release|Windows-ARM.Deploy.0 = Release|Windows-ARM
		{DE6FE7EF-CF60-46B2-8C22-24C52C175B23}.Release|Windows-x64.ActiveCfg = Release|Windows-x64
		{DE6FE7EF-CF60-46B2-8C22-24C52C175B23}.Release|Windows-x64.Build.0 = Release|Windows-x64
		{DE6FE7EF-CF60-46B2-8C22-24C52C175B23}.Release|Windows-x64.Deploy.0 = Release|Windows-x64
		{DE6FE7EF-CF60-46B2-8C22-24C52C175B23}.Release|Windows-x86.ActiveCfg = Release|Windows-x86
		{DE6FE7EF-CF60-46B2-8C22-24C52C175B23}.Release|Windows-x86.Build.0 = Release|Windows-x86
		{DE6FE7EF-CF60-46B2-8C22-24C52C175B23}.Release|Windows-x86.Deploy.0 = Release|Windows-x86
	EndGlobalSection
	GlobalSection(SolutionProperties) = preSolution
		HideSolutionNode = FALSE
	EndGlobalSection
EndGlobal
